
Microsoft Visual Studio Solution File, Format Version 12.00
# Visual Studio Version 16
VisualStudioVersion = 16.0.31005.135
MinimumVisualStudioVersion = 10.0.40219.1
Project("{FAE04EC0-301F-11D3-BF4B-00C04F79EFBC}") = "VariablesExo4", "VariablesExo4.csproj", "{F92759A3-02C1-4BE1-86FF-0C36F28D0942}"
EndProject
Global
	GlobalSection(SolutionConfigurationPlatforms) = preSolution
		Debug|Any CPU = Debug|Any CPU
		Release|Any CPU = Release|Any CPU
	EndGlobalSection
	GlobalSection(ProjectConfigurationPlatforms) = postSolution
		{F92759A3-02C1-4BE1-86FF-0C36F28D0942}.Debug|Any CPU.ActiveCfg = Debug|Any CPU
		{F92759A3-02C1-4BE1-86FF-0C36F28D0942}.Debug|Any CPU.Build.0 = Debug|Any CPU
		{F92759A3-02C1-4BE1-86FF-0C36F28D0942}.Release|Any CPU.ActiveCfg = Release|Any CPU
		{F92759A3-02C1-4BE1-86FF-0C36F28D0942}.Release|Any CPU.Build.0 = Release|Any CPU
	EndGlobalSection
	GlobalSection(SolutionProperties) = preSolution
		HideSolutionNode = FALSE
	EndGlobalSection
	GlobalSection(ExtensibilityGlobals) = postSolution
		SolutionGuid = {641EE5BE-020A-4F53-AC84-F1470BA107FC}
	EndGlobalSection
EndGlobal
